
Microsoft Visual Studio Solution File, Format Version 12.00
# Visual Studio Version 17
VisualStudioVersion = 17.1.32210.238
MinimumVisualStudioVersion = 10.0.40219.1
Project("{FAE04EC0-301F-11D3-BF4B-00C04F79EFBC}") = "Unillanos.ArquitecturaMS.Usuarios", "Unillanos.ArquitecturaMS.Usuarios\Unillanos.ArquitecturaMS.Usuarios.csproj", "{7E9E9848-DB5F-4D6D-B52B-223675EF9F5B}"
EndProject
Global
	GlobalSection(SolutionConfigurationPlatforms) = preSolution
		Debug|Any CPU = Debug|Any CPU
		Release|Any CPU = Release|Any CPU
	EndGlobalSection
	GlobalSection(ProjectConfigurationPlatforms) = postSolution
		{7E9E9848-DB5F-4D6D-B52B-223675EF9F5B}.Debug|Any CPU.ActiveCfg = Debug|Any CPU
		{7E9E9848-DB5F-4D6D-B52B-223675EF9F5B}.Debug|Any CPU.Build.0 = Debug|Any CPU
		{7E9E9848-DB5F-4D6D-B52B-223675EF9F5B}.Release|Any CPU.ActiveCfg = Release|Any CPU
		{7E9E9848-DB5F-4D6D-B52B-223675EF9F5B}.Release|Any CPU.Build.0 = Release|Any CPU
	EndGlobalSection
	GlobalSection(SolutionProperties) = preSolution
		HideSolutionNode = FALSE
	EndGlobalSection
	GlobalSection(ExtensibilityGlobals) = postSolution
		SolutionGuid = {2A2F8C7D-F9C6-4DF7-A71B-04E833366656}
	EndGlobalSection
EndGlobal
